
Microsoft Visual Studio Solution File, Format Version 12.00
# Visual Studio Version 17
VisualStudioVersion = 17.4.32804.182
MinimumVisualStudioVersion = 10.0.40219.1
Project("{FAE04EC0-301F-11D3-BF4B-00C04F79EFBC}") = "SuperBatata.Api", "SuperBatata\SuperBatata.Api.csproj", "{681737B5-B185-4F68-8611-42ED4E943F43}"
EndProject
Global
	GlobalSection(SolutionConfigurationPlatforms) = preSolution
		Debug|Any CPU = Debug|Any CPU
		Release|Any CPU = Release|Any CPU
	EndGlobalSection
	GlobalSection(ProjectConfigurationPlatforms) = postSolution
		{681737B5-B185-4F68-8611-42ED4E943F43}.Debug|Any CPU.ActiveCfg = Debug|Any CPU
		{681737B5-B185-4F68-8611-42ED4E943F43}.Debug|Any CPU.Build.0 = Debug|Any CPU
		{681737B5-B185-4F68-8611-42ED4E943F43}.Release|Any CPU.ActiveCfg = Release|Any CPU
		{681737B5-B185-4F68-8611-42ED4E943F43}.Release|Any CPU.Build.0 = Release|Any CPU
	EndGlobalSection
	GlobalSection(SolutionProperties) = preSolution
		HideSolutionNode = FALSE
	EndGlobalSection
	GlobalSection(ExtensibilityGlobals) = postSolution
		SolutionGuid = {FABBD5B1-AB0E-4ED6-BD0A-A443BE15D257}
	EndGlobalSection
EndGlobal
